
Microsoft Visual Studio Solution File, Format Version 12.00
# Visual Studio Version 17
VisualStudioVersion = 17.11.35312.102
MinimumVisualStudioVersion = 10.0.40219.1
Project("{FAE04EC0-301F-11D3-BF4B-00C04F79EFBC}") = "Ej03_GestionInventarioDictionary", "Ej03_GestionInventarioDictionary\Ej03_GestionInventarioDictionary.csproj", "{0D7D518E-0744-4A3B-8B5C-9C53B9D5B8DB}"
EndProject
Global
	GlobalSection(SolutionConfigurationPlatforms) = preSolution
		Debug|Any CPU = Debug|Any CPU
		Release|Any CPU = Release|Any CPU
	EndGlobalSection
	GlobalSection(ProjectConfigurationPlatforms) = postSolution
		{0D7D518E-0744-4A3B-8B5C-9C53B9D5B8DB}.Debug|Any CPU.ActiveCfg = Debug|Any CPU
		{0D7D518E-0744-4A3B-8B5C-9C53B9D5B8DB}.Debug|Any CPU.Build.0 = Debug|Any CPU
		{0D7D518E-0744-4A3B-8B5C-9C53B9D5B8DB}.Release|Any CPU.ActiveCfg = Release|Any CPU
		{0D7D518E-0744-4A3B-8B5C-9C53B9D5B8DB}.Release|Any CPU.Build.0 = Release|Any CPU
	EndGlobalSection
	GlobalSection(SolutionProperties) = preSolution
		HideSolutionNode = FALSE
	EndGlobalSection
	GlobalSection(ExtensibilityGlobals) = postSolution
		SolutionGuid = {552AED2A-7AF9-47D8-B0B9-A2E6DF532364}
	EndGlobalSection
EndGlobal
